
Microsoft Visual Studio Solution File, Format Version 11.00
# Visual Studio 2010
Project("{8BC9CEB8-8B4A-11D0-8D11-00A0C91BC942}") = "TestOpencv", "TestOpencv\TestOpencv.vcxproj", "{F5AE57CD-0E58-4B41-9992-2AB990F99F4C}"
EndProject
Global
	GlobalSection(SolutionConfigurationPlatforms) = preSolution
		Debug|Win32 = Debug|Win32
		Release|Win32 = Release|Win32
	EndGlobalSection
	GlobalSection(ProjectConfigurationPlatforms) = postSolution
		{F5AE57CD-0E58-4B41-9992-2AB990F99F4C}.Debug|Win32.ActiveCfg = Debug|Win32
		{F5AE57CD-0E58-4B41-9992-2AB990F99F4C}.Debug|Win32.Build.0 = Debug|Win32
		{F5AE57CD-0E58-4B41-9992-2AB990F99F4C}.Release|Win32.ActiveCfg = Debug|Win32
		{F5AE57CD-0E58-4B41-9992-2AB990F99F4C}.Release|Win32.Build.0 = Debug|Win32
	EndGlobalSection
	GlobalSection(SolutionProperties) = preSolution
		HideSolutionNode = FALSE
	EndGlobalSection
EndGlobal
